
Microsoft Visual Studio Solution File, Format Version 12.00
# Visual Studio 14
VisualStudioVersion = 14.0.25420.1
MinimumVisualStudioVersion = 10.0.40219.1
Project("{FAE04EC0-301F-11D3-BF4B-00C04F79EFBC}") = "WPFClient", "Client\WPFClient.csproj", "{F95BBD72-B24B-41AE-A55D-5F9D4B684C2D}"
	ProjectSection(ProjectDependencies) = postProject
		{99C03661-21A8-4B30-9153-1A74BB29326A} = {99C03661-21A8-4B30-9153-1A74BB29326A}
	EndProjectSection
EndProject
Project("{FAE04EC0-301F-11D3-BF4B-00C04F79EFBC}") = "WCFCommChannel", "WCFCommChannel\WCFCommChannel.csproj", "{99C03661-21A8-4B30-9153-1A74BB29326A}"
	ProjectSection(ProjectDependencies) = postProject
		{324685EA-F37C-46CD-8E39-6501E5CC8B6E} = {324685EA-F37C-46CD-8E39-6501E5CC8B6E}
	EndProjectSection
EndProject
Project("{FAE04EC0-301F-11D3-BF4B-00C04F79EFBC}") = "BlockingQueue", "BlockingQueue\BlockingQueue.csproj", "{324685EA-F37C-46CD-8E39-6501E5CC8B6E}"
EndProject
Project("{FAE04EC0-301F-11D3-BF4B-00C04F79EFBC}") = "TestHarness", "TestHarness\TestHarness.csproj", "{D990E27E-534C-40F9-AF11-53499346ABAB}"
	ProjectSection(ProjectDependencies) = postProject
		{99C03661-21A8-4B30-9153-1A74BB29326A} = {99C03661-21A8-4B30-9153-1A74BB29326A}
		{8676566A-51B5-496B-816C-C97030D03817} = {8676566A-51B5-496B-816C-C97030D03817}
		{76F41BF7-7B1D-4EA9-80D7-915E0C4120A5} = {76F41BF7-7B1D-4EA9-80D7-915E0C4120A5}
	EndProjectSection
EndProject
Project("{FAE04EC0-301F-11D3-BF4B-00C04F79EFBC}") = "Loader", "Loader\Loader.csproj", "{D88389FF-29CF-43CB-B6A0-0EE6CBBEB0FB}"
	ProjectSection(ProjectDependencies) = postProject
		{489D7F5A-B134-42D3-90BF-79196D5ABC5E} = {489D7F5A-B134-42D3-90BF-79196D5ABC5E}
		{261DB9AF-0F60-4805-A398-B2D502F95FD3} = {261DB9AF-0F60-4805-A398-B2D502F95FD3}
	EndProjectSection
EndProject
Project("{FAE04EC0-301F-11D3-BF4B-00C04F79EFBC}") = "Logger", "Logger\Logger.csproj", "{76F41BF7-7B1D-4EA9-80D7-915E0C4120A5}"
EndProject
Project("{FAE04EC0-301F-11D3-BF4B-00C04F79EFBC}") = "THAppDomain", "THAppDomain\THAppDomain.csproj", "{8676566A-51B5-496B-816C-C97030D03817}"
	ProjectSection(ProjectDependencies) = postProject
		{261DB9AF-0F60-4805-A398-B2D502F95FD3} = {261DB9AF-0F60-4805-A398-B2D502F95FD3}
		{76F41BF7-7B1D-4EA9-80D7-915E0C4120A5} = {76F41BF7-7B1D-4EA9-80D7-915E0C4120A5}
		{D88389FF-29CF-43CB-B6A0-0EE6CBBEB0FB} = {D88389FF-29CF-43CB-B6A0-0EE6CBBEB0FB}
	EndProjectSection
EndProject
Project("{FAE04EC0-301F-11D3-BF4B-00C04F79EFBC}") = "XMLParser", "XMLParser\XMLParser.csproj", "{261DB9AF-0F60-4805-A398-B2D502F95FD3}"
	ProjectSection(ProjectDependencies) = postProject
		{76F41BF7-7B1D-4EA9-80D7-915E0C4120A5} = {76F41BF7-7B1D-4EA9-80D7-915E0C4120A5}
	EndProjectSection
EndProject
Project("{FAE04EC0-301F-11D3-BF4B-00C04F79EFBC}") = "ITest", "ITest\ITest.csproj", "{489D7F5A-B134-42D3-90BF-79196D5ABC5E}"
EndProject
Project("{FAE04EC0-301F-11D3-BF4B-00C04F79EFBC}") = "Repository", "Repository\Repository.csproj", "{9974AF45-5EDB-4090-8D84-676A78017513}"
	ProjectSection(ProjectDependencies) = postProject
		{99C03661-21A8-4B30-9153-1A74BB29326A} = {99C03661-21A8-4B30-9153-1A74BB29326A}
	EndProjectSection
EndProject
Project("{FAE04EC0-301F-11D3-BF4B-00C04F79EFBC}") = "WPFClient2", "Client2\WPFClient2.csproj", "{549B2474-F541-456F-A0C8-CE34353EDDB3}"
	ProjectSection(ProjectDependencies) = postProject
		{99C03661-21A8-4B30-9153-1A74BB29326A} = {99C03661-21A8-4B30-9153-1A74BB29326A}
	EndProjectSection
EndProject
Project("{FAE04EC0-301F-11D3-BF4B-00C04F79EFBC}") = "VendingMachine", "VendingMachine\VendingMachine.csproj", "{CF284532-725F-41CC-96D0-75E3DB3D8CBF}"
EndProject
Project("{FAE04EC0-301F-11D3-BF4B-00C04F79EFBC}") = "TestDriverVendingMachine", "TestDriverVendingMachine\TestDriverVendingMachine.csproj", "{88E46D29-7DFD-48AD-8601-C18B4E8BEA2C}"
	ProjectSection(ProjectDependencies) = postProject
		{CF284532-725F-41CC-96D0-75E3DB3D8CBF} = {CF284532-725F-41CC-96D0-75E3DB3D8CBF}
		{489D7F5A-B134-42D3-90BF-79196D5ABC5E} = {489D7F5A-B134-42D3-90BF-79196D5ABC5E}
	EndProjectSection
EndProject
Project("{FAE04EC0-301F-11D3-BF4B-00C04F79EFBC}") = "TestDriverVendingMachine2", "TestDriverVendingMachine2\TestDriverVendingMachine2.csproj", "{1E82BEF5-48ED-4CFF-92B2-8EB8D768B578}"
	ProjectSection(ProjectDependencies) = postProject
		{CF284532-725F-41CC-96D0-75E3DB3D8CBF} = {CF284532-725F-41CC-96D0-75E3DB3D8CBF}
		{489D7F5A-B134-42D3-90BF-79196D5ABC5E} = {489D7F5A-B134-42D3-90BF-79196D5ABC5E}
	EndProjectSection
EndProject
Project("{FAE04EC0-301F-11D3-BF4B-00C04F79EFBC}") = "TestDriverVendingMachine3", "TestDriverVendingMachine3\TestDriverVendingMachine3.csproj", "{A65F9FBB-F1FB-4A19-9D9B-E9493B3197CF}"
	ProjectSection(ProjectDependencies) = postProject
		{CF284532-725F-41CC-96D0-75E3DB3D8CBF} = {CF284532-725F-41CC-96D0-75E3DB3D8CBF}
		{489D7F5A-B134-42D3-90BF-79196D5ABC5E} = {489D7F5A-B134-42D3-90BF-79196D5ABC5E}
	EndProjectSection
EndProject
Project("{FAE04EC0-301F-11D3-BF4B-00C04F79EFBC}") = "TestDriverVendingMachine4", "TestDriverVendingMachine4\TestDriverVendingMachine4.csproj", "{72EC6025-381F-4504-B106-A7C531D68575}"
	ProjectSection(ProjectDependencies) = postProject
		{CF284532-725F-41CC-96D0-75E3DB3D8CBF} = {CF284532-725F-41CC-96D0-75E3DB3D8CBF}
		{489D7F5A-B134-42D3-90BF-79196D5ABC5E} = {489D7F5A-B134-42D3-90BF-79196D5ABC5E}
	EndProjectSection
EndProject
Global
	GlobalSection(SolutionConfigurationPlatforms) = preSolution
		Debug|Any CPU = Debug|Any CPU
		Release|Any CPU = Release|Any CPU
	EndGlobalSection
	GlobalSection(ProjectConfigurationPlatforms) = postSolution
		{F95BBD72-B24B-41AE-A55D-5F9D4B684C2D}.Debug|Any CPU.ActiveCfg = Debug|Any CPU
		{F95BBD72-B24B-41AE-A55D-5F9D4B684C2D}.Debug|Any CPU.Build.0 = Debug|Any CPU
		{F95BBD72-B24B-41AE-A55D-5F9D4B684C2D}.Release|Any CPU.ActiveCfg = Release|Any CPU
		{F95BBD72-B24B-41AE-A55D-5F9D4B684C2D}.Release|Any CPU.Build.0 = Release|Any CPU
		{99C03661-21A8-4B30-9153-1A74BB29326A}.Debug|Any CPU.ActiveCfg = Debug|Any CPU
		{99C03661-21A8-4B30-9153-1A74BB29326A}.Debug|Any CPU.Build.0 = Debug|Any CPU
		{99C03661-21A8-4B30-9153-1A74BB29326A}.Release|Any CPU.ActiveCfg = Release|Any CPU
		{99C03661-21A8-4B30-9153-1A74BB29326A}.Release|Any CPU.Build.0 = Release|Any CPU
		{324685EA-F37C-46CD-8E39-6501E5CC8B6E}.Debug|Any CPU.ActiveCfg = Debug|Any CPU
		{324685EA-F37C-46CD-8E39-6501E5CC8B6E}.Debug|Any CPU.Build.0 = Debug|Any CPU
		{324685EA-F37C-46CD-8E39-6501E5CC8B6E}.Release|Any CPU.ActiveCfg = Release|Any CPU
		{324685EA-F37C-46CD-8E39-6501E5CC8B6E}.Release|Any CPU.Build.0 = Release|Any CPU
		{D990E27E-534C-40F9-AF11-53499346ABAB}.Debug|Any CPU.ActiveCfg = Debug|Any CPU
		{D990E27E-534C-40F9-AF11-53499346ABAB}.Debug|Any CPU.Build.0 = Debug|Any CPU
		{D990E27E-534C-40F9-AF11-53499346ABAB}.Release|Any CPU.ActiveCfg = Release|Any CPU
		{D990E27E-534C-40F9-AF11-53499346ABAB}.Release|Any CPU.Build.0 = Release|Any CPU
		{D88389FF-29CF-43CB-B6A0-0EE6CBBEB0FB}.Debug|Any CPU.ActiveCfg = Debug|Any CPU
		{D88389FF-29CF-43CB-B6A0-0EE6CBBEB0FB}.Debug|Any CPU.Build.0 = Debug|Any CPU
		{D88389FF-29CF-43CB-B6A0-0EE6CBBEB0FB}.Release|Any CPU.ActiveCfg = Release|Any CPU
		{D88389FF-29CF-43CB-B6A0-0EE6CBBEB0FB}.Release|Any CPU.Build.0 = Release|Any CPU
		{76F41BF7-7B1D-4EA9-80D7-915E0C4120A5}.Debug|Any CPU.ActiveCfg = Debug|Any CPU
		{76F41BF7-7B1D-4EA9-80D7-915E0C4120A5}.Debug|Any CPU.Build.0 = Debug|Any CPU
		{76F41BF7-7B1D-4EA9-80D7-915E0C4120A5}.Release|Any CPU.ActiveCfg = Release|Any CPU
		{76F41BF7-7B1D-4EA9-80D7-915E0C4120A5}.Release|Any CPU.Build.0 = Release|Any CPU
		{8676566A-51B5-496B-816C-C97030D03817}.Debug|Any CPU.ActiveCfg = Debug|Any CPU
		{8676566A-51B5-496B-816C-C97030D03817}.Debug|Any CPU.Build.0 = Debug|Any CPU
		{8676566A-51B5-496B-816C-C97030D03817}.Release|Any CPU.ActiveCfg = Release|Any CPU
		{8676566A-51B5-496B-816C-C97030D03817}.Release|Any CPU.Build.0 = Release|Any CPU
		{261DB9AF-0F60-4805-A398-B2D502F95FD3}.Debug|Any CPU.ActiveCfg = Debug|Any CPU
		{261DB9AF-0F60-4805-A398-B2D502F95FD3}.Debug|Any CPU.Build.0 = Debug|Any CPU
		{261DB9AF-0F60-4805-A398-B2D502F95FD3}.Release|Any CPU.ActiveCfg = Release|Any CPU
		{261DB9AF-0F60-4805-A398-B2D502F95FD3}.Release|Any CPU.Build.0 = Release|Any CPU
		{489D7F5A-B134-42D3-90BF-79196D5ABC5E}.Debug|Any CPU.ActiveCfg = Debug|Any CPU
		{489D7F5A-B134-42D3-90BF-79196D5ABC5E}.Debug|Any CPU.Build.0 = Debug|Any CPU
		{489D7F5A-B134-42D3-90BF-79196D5ABC5E}.Release|Any CPU.ActiveCfg = Release|Any CPU
		{489D7F5A-B134-42D3-90BF-79196D5ABC5E}.Release|Any CPU.Build.0 = Release|Any CPU
		{9974AF45-5EDB-4090-8D84-676A78017513}.Debug|Any CPU.ActiveCfg = Debug|Any CPU
		{9974AF45-5EDB-4090-8D84-676A78017513}.Debug|Any CPU.Build.0 = Debug|Any CPU
		{9974AF45-5EDB-4090-8D84-676A78017513}.Release|Any CPU.ActiveCfg = Release|Any CPU
		{9974AF45-5EDB-4090-8D84-676A78017513}.Release|Any CPU.Build.0 = Release|Any CPU
		{549B2474-F541-456F-A0C8-CE34353EDDB3}.Debug|Any CPU.ActiveCfg = Debug|Any CPU
		{549B2474-F541-456F-A0C8-CE34353EDDB3}.Debug|Any CPU.Build.0 = Debug|Any CPU
		{549B2474-F541-456F-A0C8-CE34353EDDB3}.Release|Any CPU.ActiveCfg = Release|Any CPU
		{549B2474-F541-456F-A0C8-CE34353EDDB3}.Release|Any CPU.Build.0 = Release|Any CPU
		{CF284532-725F-41CC-96D0-75E3DB3D8CBF}.Debug|Any CPU.ActiveCfg = Debug|Any CPU
		{CF284532-725F-41CC-96D0-75E3DB3D8CBF}.Debug|Any CPU.Build.0 = Debug|Any CPU
		{CF284532-725F-41CC-96D0-75E3DB3D8CBF}.Release|Any CPU.ActiveCfg = Release|Any CPU
		{CF284532-725F-41CC-96D0-75E3DB3D8CBF}.Release|Any CPU.Build.0 = Release|Any CPU
		{88E46D29-7DFD-48AD-8601-C18B4E8BEA2C}.Debug|Any CPU.ActiveCfg = Debug|Any CPU
		{88E46D29-7DFD-48AD-8601-C18B4E8BEA2C}.Debug|Any CPU.Build.0 = Debug|Any CPU
		{88E46D29-7DFD-48AD-8601-C18B4E8BEA2C}.Release|Any CPU.ActiveCfg = Release|Any CPU
		{88E46D29-7DFD-48AD-8601-C18B4E8BEA2C}.Release|Any CPU.Build.0 = Release|Any CPU
		{1E82BEF5-48ED-4CFF-92B2-8EB8D768B578}.Debug|Any CPU.ActiveCfg = Debug|Any CPU
		{1E82BEF5-48ED-4CFF-92B2-8EB8D768B578}.Debug|Any CPU.Build.0 = Debug|Any CPU
		{1E82BEF5-48ED-4CFF-92B2-8EB8D768B578}.Release|Any CPU.ActiveCfg = Release|Any CPU
		{1E82BEF5-48ED-4CFF-92B2-8EB8D768B578}.Release|Any CPU.Build.0 = Release|Any CPU
		{A65F9FBB-F1FB-4A19-9D9B-E9493B3197CF}.Debug|Any CPU.ActiveCfg = Debug|Any CPU
		{A65F9FBB-F1FB-4A19-9D9B-E9493B3197CF}.Debug|Any CPU.Build.0 = Debug|Any CPU
		{A65F9FBB-F1FB-4A19-9D9B-E9493B3197CF}.Release|Any CPU.ActiveCfg = Release|Any CPU
		{A65F9FBB-F1FB-4A19-9D9B-E9493B3197CF}.Release|Any CPU.Build.0 = Release|Any CPU
		{72EC6025-381F-4504-B106-A7C531D68575}.Debug|Any CPU.ActiveCfg = Debug|Any CPU
		{72EC6025-381F-4504-B106-A7C531D68575}.Debug|Any CPU.Build.0 = Debug|Any CPU
		{72EC6025-381F-4504-B106-A7C531D68575}.Release|Any CPU.ActiveCfg = Release|Any CPU
		{72EC6025-381F-4504-B106-A7C531D68575}.Release|Any CPU.Build.0 = Release|Any CPU
	EndGlobalSection
	GlobalSection(SolutionProperties) = preSolution
		HideSolutionNode = FALSE
	EndGlobalSection
EndGlobal
